
Microsoft Visual Studio Solution File, Format Version 12.00
Project("{FAE04EC0-301F-11D3-BF4B-00C04F79EFBC}") = "DataStructures", "DataStructures\DataStructures.csproj", "{E987BFB3-72C0-4A5E-A431-CE978AC9B8D5}"
EndProject
Global
	GlobalSection(SolutionConfigurationPlatforms) = preSolution
		Debug|Any CPU = Debug|Any CPU
		Release|Any CPU = Release|Any CPU
	EndGlobalSection
	GlobalSection(ProjectConfigurationPlatforms) = postSolution
		{E987BFB3-72C0-4A5E-A431-CE978AC9B8D5}.Debug|Any CPU.ActiveCfg = Debug|Any CPU
		{E987BFB3-72C0-4A5E-A431-CE978AC9B8D5}.Debug|Any CPU.Build.0 = Debug|Any CPU
		{E987BFB3-72C0-4A5E-A431-CE978AC9B8D5}.Release|Any CPU.ActiveCfg = Release|Any CPU
		{E987BFB3-72C0-4A5E-A431-CE978AC9B8D5}.Release|Any CPU.Build.0 = Release|Any CPU
	EndGlobalSection
EndGlobal
